{
  "name": "Cours-Design",
  "lockfileVersion": 2,
  "requires": true,
  "packages": {
    "": {
      "dependencies": {
        "reveal-plantuml": "^1.0.2"
      }
    },
    "node_modules/reveal-plantuml": {
      "version": "1.0.2",
      "resolved": "https://registry.npmjs.org/reveal-plantuml/-/reveal-plantuml-1.0.2.tgz",
      "integrity": "sha512-FWwPRA/GimnTdVW/WQ2R48Gv++t3hY76bnDlG72U/uF8PJNh/vmkMu0LB94yHXQY70YFT2sUsxsIF6YrpBd72w=="
    }
  },
  "dependencies": {
    "reveal-plantuml": {
      "version": "1.0.2",
      "resolved": "https://registry.npmjs.org/reveal-plantuml/-/reveal-plantuml-1.0.2.tgz",
      "integrity": "sha512-FWwPRA/GimnTdVW/WQ2R48Gv++t3hY76bnDlG72U/uF8PJNh/vmkMu0LB94yHXQY70YFT2sUsxsIF6YrpBd72w=="
    }
  }
}
